
Microsoft Visual Studio Solution File, Format Version 12.00
Project("{FAE04EC0-301F-11D3-BF4B-00C04F79EFBC}") = "Paradigm.Chart.Test", "Paradigm.Chart.Test\Paradigm.Chart.Test.csproj", "{AE47F3EA-B77C-425B-A4D7-3E3B67E64FEF}"
EndProject
Project("{FAE04EC0-301F-11D3-BF4B-00C04F79EFBC}") = "Paradigm.Chart", "Paradigm.Chart\Paradigm.Chart.csproj", "{977E5B08-31F6-4DB1-8049-39BB3CDB96BA}"
EndProject
Global
	GlobalSection(SolutionConfigurationPlatforms) = preSolution
		Debug|Any CPU = Debug|Any CPU
		Release|Any CPU = Release|Any CPU
	EndGlobalSection
	GlobalSection(ProjectConfigurationPlatforms) = postSolution
		{AE47F3EA-B77C-425B-A4D7-3E3B67E64FEF}.Debug|Any CPU.ActiveCfg = Debug|Any CPU
		{AE47F3EA-B77C-425B-A4D7-3E3B67E64FEF}.Debug|Any CPU.Build.0 = Debug|Any CPU
		{AE47F3EA-B77C-425B-A4D7-3E3B67E64FEF}.Release|Any CPU.ActiveCfg = Release|Any CPU
		{AE47F3EA-B77C-425B-A4D7-3E3B67E64FEF}.Release|Any CPU.Build.0 = Release|Any CPU
		{977E5B08-31F6-4DB1-8049-39BB3CDB96BA}.Debug|Any CPU.ActiveCfg = Debug|Any CPU
		{977E5B08-31F6-4DB1-8049-39BB3CDB96BA}.Debug|Any CPU.Build.0 = Debug|Any CPU
		{977E5B08-31F6-4DB1-8049-39BB3CDB96BA}.Release|Any CPU.ActiveCfg = Release|Any CPU
		{977E5B08-31F6-4DB1-8049-39BB3CDB96BA}.Release|Any CPU.Build.0 = Release|Any CPU
	EndGlobalSection
EndGlobal
